
Microsoft Visual Studio Solution File, Format Version 12.00
# Visual Studio Version 17
VisualStudioVersion = 17.10.34902.84
MinimumVisualStudioVersion = 10.0.40219.1
Project("{FAE04EC0-301F-11D3-BF4B-00C04F79EFBC}") = "InventarioBlazorApp", "InventarioBlazorApp\InventarioBlazorApp\InventarioBlazorApp.csproj", "{CD0E7C57-4977-4484-B19A-60B22BC841E9}"
EndProject
Project("{FAE04EC0-301F-11D3-BF4B-00C04F79EFBC}") = "InventarioBlazorApp.Client", "InventarioBlazorApp\InventarioBlazorApp.Client\InventarioBlazorApp.Client.csproj", "{1C3E98F6-5B39-4935-A583-9797156853AD}"
EndProject
Global
	GlobalSection(SolutionConfigurationPlatforms) = preSolution
		Debug|Any CPU = Debug|Any CPU
		Release|Any CPU = Release|Any CPU
	EndGlobalSection
	GlobalSection(ProjectConfigurationPlatforms) = postSolution
		{CD0E7C57-4977-4484-B19A-60B22BC841E9}.Debug|Any CPU.ActiveCfg = Debug|Any CPU
		{CD0E7C57-4977-4484-B19A-60B22BC841E9}.Debug|Any CPU.Build.0 = Debug|Any CPU
		{CD0E7C57-4977-4484-B19A-60B22BC841E9}.Release|Any CPU.ActiveCfg = Release|Any CPU
		{CD0E7C57-4977-4484-B19A-60B22BC841E9}.Release|Any CPU.Build.0 = Release|Any CPU
		{1C3E98F6-5B39-4935-A583-9797156853AD}.Debug|Any CPU.ActiveCfg = Debug|Any CPU
		{1C3E98F6-5B39-4935-A583-9797156853AD}.Debug|Any CPU.Build.0 = Debug|Any CPU
		{1C3E98F6-5B39-4935-A583-9797156853AD}.Release|Any CPU.ActiveCfg = Release|Any CPU
		{1C3E98F6-5B39-4935-A583-9797156853AD}.Release|Any CPU.Build.0 = Release|Any CPU
	EndGlobalSection
	GlobalSection(SolutionProperties) = preSolution
		HideSolutionNode = FALSE
	EndGlobalSection
	GlobalSection(ExtensibilityGlobals) = postSolution
		SolutionGuid = {4AE92E06-A7D9-4380-9E04-FEB2887913C3}
	EndGlobalSection
EndGlobal
